// !$*UTF8*$!
{
	archiveVersion = 1;
	classes = {
	};
	objectVersion = 56;
	objects = {

/* Begin PBXBuildFile section */
		6C45DEAF2BEA5FB6004F0E8E /* NutriFlexApp.swift in Sources */ = {isa = PBXBuildFile; fileRef = 6C45DEAE2BEA5FB6004F0E8E /* NutriFlexApp.swift */; };
		6C45DEB12BEA5FB6004F0E8E /* ContentView.swift in Sources */ = {isa = PBXBuildFile; fileRef = 6C45DEB02BEA5FB6004F0E8E /* ContentView.swift */; };
		6C45DEB32BEA5FB9004F0E8E /* Assets.xcassets in Resources */ = {isa = PBXBuildFile; fileRef = 6C45DEB22BEA5FB9004F0E8E /* Assets.xcassets */; };
		6C45DEB62BEA5FB9004F0E8E /* Preview Assets.xcassets in Resources */ = {isa = PBXBuildFile; fileRef = 6C45DEB52BEA5FB9004F0E8E /* Preview Assets.xcassets */; };
		6C45DEBD2BEB52F7004F0E8E /* StartingPage.swift in Sources */ = {isa = PBXBuildFile; fileRef = 6C45DEBC2BEB52F7004F0E8E /* StartingPage.swift */; };
		6C45DEBF2BEB532F004F0E8E /* MainPage.swift in Sources */ = {isa = PBXBuildFile; fileRef = 6C45DEBE2BEB532F004F0E8E /* MainPage.swift */; };
		6C45DEC12BEB533F004F0E8E /* CalorieCount.swift in Sources */ = {isa = PBXBuildFile; fileRef = 6C45DEC02BEB533F004F0E8E /* CalorieCount.swift */; };
		6C45DEC32BEB5356004F0E8E /* FoodSuggestion.swift in Sources */ = {isa = PBXBuildFile; fileRef = 6C45DEC22BEB5356004F0E8E /* FoodSuggestion.swift */; };
		6C45DEC52BEB538D004F0E8E /* WorkoutSuggestion.swift in Sources */ = {isa = PBXBuildFile; fileRef = 6C45DEC42BEB538D004F0E8E /* WorkoutSuggestion.swift */; };
/* End PBXBuildFile section */

/* Begin PBXFileReference section */
		6C45DEAB2BEA5FB6004F0E8E /* NutriFlex.app */ = {isa = PBXFileReference; explicitFileType = wrapper.application; includeInIndex = 0; path = NutriFlex.app; sourceTree = BUILT_PRODUCTS_DIR; };
		6C45DEAE2BEA5FB6004F0E8E /* NutriFlexApp.swift */ = {isa = PBXFileReference; lastKnownFileType = sourcecode.swift; path = NutriFlexApp.swift; sourceTree = "<group>"; };
		6C45DEB02BEA5FB6004F0E8E /* ContentView.swift */ = {isa = PBXFileReference; lastKnownFileType = sourcecode.swift; path = ContentView.swift; sourceTree = "<group>"; };
		6C45DEB22BEA5FB9004F0E8E /* Assets.xcassets */ = {isa = PBXFileReference; lastKnownFileType = folder.assetcatalog; path = Assets.xcassets; sourceTree = "<group>"; };
		6C45DEB52BEA5FB9004F0E8E /* Preview Assets.xcassets */ = {isa = PBXFileReference; lastKnownFileType = folder.assetcatalog; path = "Preview Assets.xcassets"; sourceTree = "<group>"; };
		6C45DEBC2BEB52F7004F0E8E /* StartingPage.swift */ = {isa = PBXFileReference; lastKnownFileType = sourcecode.swift; path = StartingPage.swift; sourceTree = "<group>"; };
		6C45DEBE2BEB532F004F0E8E /* MainPage.swift */ = {isa = PBXFileReference; lastKnownFileType = sourcecode.swift; path = MainPage.swift; sourceTree = "<group>"; };
		6C45DEC02BEB533F004F0E8E /* CalorieCount.swift */ = {isa = PBXFileReference; lastKnownFileType = sourcecode.swift; path = CalorieCount.swift; sourceTree = "<group>"; };
		6C45DEC22BEB5356004F0E8E /* FoodSuggestion.swift */ = {isa = PBXFileReference; lastKnownFileType = sourcecode.swift; path = FoodSuggestion.swift; sourceTree = "<group>"; };
		6C45DEC42BEB538D004F0E8E /* WorkoutSuggestion.swift */ = {isa = PBXFileReference; lastKnownFileType = sourcecode.swift; path = WorkoutSuggestion.swift; sourceTree = "<group>"; };
/* End PBXFileReference section */

/* Begin PBXFrameworksBuildPhase section */
		6C45DEA82BEA5FB6004F0E8E /* Frameworks */ = {
			isa = PBXFrameworksBuildPhase;
			buildActionMask = 2147483647;
			files = (
			);
			runOnlyForDeploymentPostprocessing = 0;
		};
/* End PBXFrameworksBuildPhase section */

/* Begin PBXGroup section */
		6C45DEA22BEA5FB6004F0E8E = {
			isa = PBXGroup;
			children = (
				6C45DEAD2BEA5FB6004F0E8E /* NutriFlex */,
				6C45DEAC2BEA5FB6004F0E8E /* Products */,
			);
			sourceTree = "<group>";
		};
		6C45DEAC2BEA5FB6004F0E8E /* Products */ = {
			isa = PBXGroup;
			children = (
				6C45DEAB2BEA5FB6004F0E8E /* NutriFlex.app */,
			);
			name = Products;
			sourceTree = "<group>";
		};
		6C45DEAD2BEA5FB6004F0E8E /* NutriFlex */ = {
			isa = PBXGroup;
			children = (
				6C45DEAE2BEA5FB6004F0E8E /* NutriFlexApp.swift */,
				6C45DEB02BEA5FB6004F0E8E /* ContentView.swift */,
				6C45DEBC2BEB52F7004F0E8E /* StartingPage.swift */,
				6C45DEBE2BEB532F004F0E8E /* MainPage.swift */,
				6C45DEC02BEB533F004F0E8E /* CalorieCount.swift */,
				6C45DEC22BEB5356004F0E8E /* FoodSuggestion.swift */,
				6C45DEC42BEB538D004F0E8E /* WorkoutSuggestion.swift */,
				6C45DEB22BEA5FB9004F0E8E /* Assets.xcassets */,
				6C45DEB42BEA5FB9004F0E8E /* Preview Content */,
			);
			path = NutriFlex;
			sourceTree = "<group>";
		};
		6C45DEB42BEA5FB9004F0E8E /* Preview Content */ = {
			isa = PBXGroup;
			children = (
				6C45DEB52BEA5FB9004F0E8E /* Preview Assets.xcassets */,
			);
			path = "Preview Content";
			sourceTree = "<group>";
		};
/* End PBXGroup section */

/* Begin PBXNativeTarget section */
		6C45DEAA2BEA5FB6004F0E8E /* NutriFlex */ = {
			isa = PBXNativeTarget;
			buildConfigurationList = 6C45DEB92BEA5FB9004F0E8E /* Build configuration list for PBXNativeTarget "NutriFlex" */;
			buildPhases = (
				6C45DEA72BEA5FB6004F0E8E /* Sources */,
				6C45DEA82BEA5FB6004F0E8E /* Frameworks */,
				6C45DEA92BEA5FB6004F0E8E /* Resources */,
			);
			buildRules = (
			);
			dependencies = (
			);
			name = NutriFlex;
			productName = NutriFlex;
			productReference = 6C45DEAB2BEA5FB6004F0E8E /* NutriFlex.app */;
			productType = "com.apple.product-type.application";
		};
/* End PBXNativeTarget section */

/* Begin PBXProject section */
		6C45DEA32BEA5FB6004F0E8E /* Project object */ = {
			isa = PBXProject;
			attributes = {
				BuildIndependentTargetsInParallel = 1;
				LastSwiftUpdateCheck = 1520;
				LastUpgradeCheck = 1520;
				TargetAttributes = {
					6C45DEAA2BEA5FB6004F0E8E = {
						CreatedOnToolsVersion = 15.2;
					};
				};
			};
			buildConfigurationList = 6C45DEA62BEA5FB6004F0E8E /* Build configuration list for PBXProject "NutriFlex" */;
			compatibilityVersion = "Xcode 14.0";
			developmentRegion = en;
			hasScannedForEncodings = 0;
			knownRegions = (
				en,
				Base,
			);
			mainGroup = 6C45DEA22BEA5FB6004F0E8E;
			productRefGroup = 6C45DEAC2BEA5FB6004F0E8E /* Products */;
			projectDirPath = "";
			projectRoot = "";
			targets = (
				6C45DEAA2BEA5FB6004F0E8E /* NutriFlex */,
			);
		};
/* End PBXProject section */

/* Begin PBXResourcesBuildPhase section */
		6C45DEA92BEA5FB6004F0E8E /* Resources */ = {
			isa = PBXResourcesBuildPhase;
			buildActionMask = 2147483647;
			files = (
				6C45DEB62BEA5FB9004F0E8E /* Preview Assets.xcassets in Resources */,
				6C45DEB32BEA5FB9004F0E8E /* Assets.xcassets in Resources */,
			);
			runOnlyForDeploymentPostprocessing = 0;
		};
/* End PBXResourcesBuildPhase section */

/* Begin PBXSourcesBuildPhase section */
		6C45DEA72BEA5FB6004F0E8E /* Sources */ = {
			isa = PBXSourcesBuildPhase;
			buildActionMask = 2147483647;
			files = (
				6C45DEC52BEB538D004F0E8E /* WorkoutSuggestion.swift in Sources */,
				6C45DEB12BEA5FB6004F0E8E /* ContentView.swift in Sources */,
				6C45DEC12BEB533F004F0E8E /* CalorieCount.swift in Sources */,
				6C45DEBD2BEB52F7004F0E8E /* StartingPage.swift in Sources */,
				6C45DEC32BEB5356004F0E8E /* FoodSuggestion.swift in Sources */,
				6C45DEAF2BEA5FB6004F0E8E /* NutriFlexApp.swift in Sources */,
				6C45DEBF2BEB532F004F0E8E /* MainPage.swift in Sources */,
			);
			runOnlyForDeploymentPostprocessing = 0;
		};
/* End PBXSourcesBuildPhase section */

/* Begin XCBuildConfiguration section */
		6C45DEB72BEA5FB9004F0E8E /* Debug */ = {
			isa = XCBuildConfiguration;
			buildSettings = {
				ALWAYS_SEARCH_USER_PATHS = NO;
				ASSETCATALOG_COMPILER_GENERATE_SWIFT_ASSET_SYMBOL_EXTENSIONS = YES;
				CLANG_ANALYZER_NONNULL = YES;
				CLANG_ANALYZER_NUMBER_OBJECT_CONVERSION = YES_AGGRESSIVE;
				CLANG_CXX_LANGUAGE_STANDARD = "gnu++20";
				CLANG_ENABLE_MODULES = YES;
				CLANG_ENABLE_OBJC_ARC = YES;
				CLANG_ENABLE_OBJC_WEAK = YES;
				CLANG_WARN_BLOCK_CAPTURE_AUTORELEASING = YES;
				CLANG_WARN_BOOL_CONVERSION = YES;
				CLANG_WARN_COMMA = YES;
				CLANG_WARN_CONSTANT_CONVERSION = YES;
				CLANG_WARN_DEPRECATED_OBJC_IMPLEMENTATIONS = YES;
				CLANG_WARN_DIRECT_OBJC_ISA_USAGE = YES_ERROR;
				CLANG_WARN_DOCUMENTATION_COMMENTS = YES;
				CLANG_WARN_EMPTY_BODY = YES;
				CLANG_WARN_ENUM_CONVERSION = YES;
				CLANG_WARN_INFINITE_RECURSION = YES;
				CLANG_WARN_INT_CONVERSION = YES;
				CLANG_WARN_NON_LITERAL_NULL_CONVERSION = YES;
				CLANG_WARN_OBJC_IMPLICIT_RETAIN_SELF = YES;
				CLANG_WARN_OBJC_LITERAL_CONVERSION = YES;
				CLANG_WARN_OBJC_ROOT_CLASS = YES_ERROR;
				CLANG_WARN_QUOTED_INCLUDE_IN_FRAMEWORK_HEADER = YES;
				CLANG_WARN_RANGE_LOOP_ANALYSIS = YES;
				CLANG_WARN_STRICT_PROTOTYPES = YES;
				CLANG_WARN_SUSPICIOUS_MOVE = YES;
				CLANG_WARN_UNGUARDED_AVAILABILITY = YES_AGGRESSIVE;
				CLANG_WARN_UNREACHABLE_CODE = YES;
				CLANG_WARN__DUPLICATE_METHOD_MATCH = YES;
				COPY_PHASE_STRIP = NO;
				DEBUG_INFORMATION_FORMAT = dwarf;
				ENABLE_STRICT_OBJC_MSGSEND = YES;
				ENABLE_TESTABILITY = YES;
				ENABLE_USER_SCRIPT_SANDBOXING = YES;
				GCC_C_LANGUAGE_STANDARD = gnu17;
				GCC_DYNAMIC_NO_PIC = NO;
				GCC_NO_COMMON_BLOCKS = YES;
				GCC_OPTIMIZATION_LEVEL = 0;
				GCC_PREPROCESSOR_DEFINITIONS = (
					"DEBUG=1",
					"$(inherited)",
				);
				GCC_WARN_64_TO_32_BIT_CONVERSION = YES;
				GCC_WARN_ABOUT_RETURN_TYPE = YES_ERROR;
				GCC_WARN_UNDECLARED_SELECTOR = YES;
				GCC_WARN_UNINITIALIZED_AUTOS = YES_AGGRESSIVE;
				GCC_WARN_UNUSED_FUNCTION = YES;
				GCC_WARN_UNUSED_VARIABLE = YES;
				IPHONEOS_DEPLOYMENT_TARGET = 17.2;
				LOCALIZATION_PREFERS_STRING_CATALOGS = YES;
				MTL_ENABLE_DEBUG_INFO = INCLUDE_SOURCE;
				MTL_FAST_MATH = YES;
				ONLY_ACTIVE_ARCH = YES;
				SDKROOT = iphoneos;
				SWIFT_ACTIVE_COMPILATION_CONDITIONS = "DEBUG $(inherited)";
				SWIFT_OPTIMIZATION_LEVEL = "-Onone";
			};
			name = Debug;
		};
		6C45DEB82BEA5FB9004F0E8E /* Release */ = {
			isa = XCBuildConfiguration;
			buildSettings = {
				ALWAYS_SEARCH_USER_PATHS = NO;
				ASSETCATALOG_COMPILER_GENERATE_SWIFT_ASSET_SYMBOL_EXTENSIONS = YES;
				CLANG_ANALYZER_NONNULL = YES;
				CLANG_ANALYZER_NUMBER_OBJECT_CONVERSION = YES_AGGRESSIVE;
				CLANG_CXX_LANGUAGE_STANDARD = "gnu++20";
				CLANG_ENABLE_MODULES = YES;
				CLANG_ENABLE_OBJC_ARC = YES;
				CLANG_ENABLE_OBJC_WEAK = YES;
				CLANG_WARN_BLOCK_CAPTURE_AUTORELEASING = YES;
				CLANG_WARN_BOOL_CONVERSION = YES;
				CLANG_WARN_COMMA = YES;
				CLANG_WARN_CONSTANT_CONVERSION = YES;
				CLANG_WARN_DEPRECATED_OBJC_IMPLEMENTATIONS = YES;
				CLANG_WARN_DIRECT_OBJC_ISA_USAGE = YES_ERROR;
				CLANG_WARN_DOCUMENTATION_COMMENTS = YES;
				CLANG_WARN_EMPTY_BODY = YES;
				CLANG_WARN_ENUM_CONVERSION = YES;
				CLANG_WARN_INFINITE_RECURSION = YES;
				CLANG_WARN_INT_CONVERSION = YES;
				CLANG_WARN_NON_LITERAL_NULL_CONVERSION = YES;
				CLANG_WARN_OBJC_IMPLICIT_RETAIN_SELF = YES;
				CLANG_WARN_OBJC_LITERAL_CONVERSION = YES;
				CLANG_WARN_OBJC_ROOT_CLASS = YES_ERROR;
				CLANG_WARN_QUOTED_INCLUDE_IN_FRAMEWORK_HEADER = YES;
				CLANG_WARN_RANGE_LOOP_ANALYSIS = YES;
				CLANG_WARN_STRICT_PROTOTYPES = YES;
				CLANG_WARN_SUSPICIOUS_MOVE = YES;
				CLANG_WARN_UNGUARDED_AVAILABILITY = YES_AGGRESSIVE;
				CLANG_WARN_UNREACHABLE_CODE = YES;
				CLANG_WARN__DUPLICATE_METHOD_MATCH = YES;
				COPY_PHASE_STRIP = NO;
				DEBUG_INFORMATION_FORMAT = "dwarf-with-dsym";
				ENABLE_NS_ASSERTIONS = NO;
				ENABLE_STRICT_OBJC_MSGSEND = YES;
				ENABLE_USER_SCRIPT_SANDBOXING = YES;
				GCC_C_LANGUAGE_STANDARD = gnu17;
				GCC_NO_COMMON_BLOCKS = YES;
				GCC_WARN_64_TO_32_BIT_CONVERSION = YES;
				GCC_WARN_ABOUT_RETURN_TYPE = YES_ERROR;
				GCC_WARN_UNDECLARED_SELECTOR = YES;
				GCC_WARN_UNINITIALIZED_AUTOS = YES_AGGRESSIVE;
				GCC_WARN_UNUSED_FUNCTION = YES;
				GCC_WARN_UNUSED_VARIABLE = YES;
				IPHONEOS_DEPLOYMENT_TARGET = 17.2;
				LOCALIZATION_PREFERS_STRING_CATALOGS = YES;
				MTL_ENABLE_DEBUG_INFO = NO;
				MTL_FAST_MATH = YES;
				SDKROOT = iphoneos;
				SWIFT_COMPILATION_MODE = wholemodule;
				VALIDATE_PRODUCT = YES;
			};
			name = Release;
		};
		6C45DEBA2BEA5FB9004F0E8E /* Debug */ = {
			isa = XCBuildConfiguration;
			buildSettings = {
				ASSETCATALOG_COMPILER_APPICON_NAME = AppIcon;
				ASSETCATALOG_COMPILER_GLOBAL_ACCENT_COLOR_NAME = AccentColor;
				CODE_SIGN_STYLE = Automatic;
				CURRENT_PROJECT_VERSION = 1;
				DEVELOPMENT_ASSET_PATHS = "\"NutriFlex/Preview Content\"";
				ENABLE_PREVIEWS = YES;
				GENERATE_INFOPLIST_FILE = YES;
				INFOPLIST_KEY_UIApplicationSceneManifest_Generation = YES;
				INFOPLIST_KEY_UIApplicationSupportsIndirectInputEvents = YES;
				INFOPLIST_KEY_UILaunchScreen_Generation = YES;
				INFOPLIST_KEY_UISupportedInterfaceOrientations_iPad = "UIInterfaceOrientationPortrait UIInterfaceOrientationPortraitUpsideDown UIInterfaceOrientationLandscapeLeft UIInterfaceOrientationLandscapeRight";
				INFOPLIST_KEY_UISupportedInterfaceOrientations_iPhone = "UIInterfaceOrientationPortrait UIInterfaceOrientationLandscapeLeft UIInterfaceOrientationLandscapeRight";
				LD_RUNPATH_SEARCH_PATHS = (
					"$(inherited)",
					"@executable_path/Frameworks",
				);
				MARKETING_VERSION = 1.0;
				PRODUCT_BUNDLE_IDENTIFIER = au.edu.uts.NutriFlex;
				PRODUCT_NAME = "$(TARGET_NAME)";
				SWIFT_EMIT_LOC_STRINGS = YES;
				SWIFT_VERSION = 5.0;
				TARGETED_DEVICE_FAMILY = "1,2";
			};
			name = Debug;
		};
		6C45DEBB2BEA5FB9004F0E8E /* Release */ = {
			isa = XCBuildConfiguration;
			buildSettings = {
				ASSETCATALOG_COMPILER_APPICON_NAME = AppIcon;
				ASSETCATALOG_COMPILER_GLOBAL_ACCENT_COLOR_NAME = AccentColor;
				CODE_SIGN_STYLE = Automatic;
				CURRENT_PROJECT_VERSION = 1;
				DEVELOPMENT_ASSET_PATHS = "\"NutriFlex/Preview Content\"";
				ENABLE_PREVIEWS = YES;
				GENERATE_INFOPLIST_FILE = YES;
				INFOPLIST_KEY_UIApplicationSceneManifest_Generation = YES;
				INFOPLIST_KEY_UIApplicationSupportsIndirectInputEvents = YES;
				INFOPLIST_KEY_UILaunchScreen_Generation = YES;
				INFOPLIST_KEY_UISupportedInterfaceOrientations_iPad = "UIInterfaceOrientationPortrait UIInterfaceOrientationPortraitUpsideDown UIInterfaceOrientationLandscapeLeft UIInterfaceOrientationLandscapeRight";
				INFOPLIST_KEY_UISupportedInterfaceOrientations_iPhone = "UIInterfaceOrientationPortrait UIInterfaceOrientationLandscapeLeft UIInterfaceOrientationLandscapeRight";
				LD_RUNPATH_SEARCH_PATHS = (
					"$(inherited)",
					"@executable_path/Frameworks",
				);
				MARKETING_VERSION = 1.0;
				PRODUCT_BUNDLE_IDENTIFIER = au.edu.uts.NutriFlex;
				PRODUCT_NAME = "$(TARGET_NAME)";
				SWIFT_EMIT_LOC_STRINGS = YES;
				SWIFT_VERSION = 5.0;
				TARGETED_DEVICE_FAMILY = "1,2";
			};
			name = Release;
		};
/* End XCBuildConfiguration section */

/* Begin XCConfigurationList section */
		6C45DEA62BEA5FB6004F0E8E /* Build configuration list for PBXProject "NutriFlex" */ = {
			isa = XCConfigurationList;
			buildConfigurations = (
				6C45DEB72BEA5FB9004F0E8E /* Debug */,
				6C45DEB82BEA5FB9004F0E8E /* Release */,
			);
			defaultConfigurationIsVisible = 0;
			defaultConfigurationName = Release;
		};
		6C45DEB92BEA5FB9004F0E8E /* Build configuration list for PBXNativeTarget "NutriFlex" */ = {
			isa = XCConfigurationList;
			buildConfigurations = (
				6C45DEBA2BEA5FB9004F0E8E /* Debug */,
				6C45DEBB2BEA5FB9004F0E8E /* Release */,
			);
			defaultConfigurationIsVisible = 0;
			defaultConfigurationName = Release;
		};
/* End XCConfigurationList section */
	};
	rootObject = 6C45DEA32BEA5FB6004F0E8E /* Project object */;
}
