// !$*UTF8*$!
{
	archiveVersion = 1;
	classes = {
	};
	objectVersion = 56;
	objects = {

/* Begin PBXBuildFile section */
		6C45DEAF2BEA5FB6004F0E8E /* NutriFlexApp.swift in Sources */ = {isa = PBXBuildFile; fileRef = 6C45DEAE2BEA5FB6004F0E8E /* NutriFlexApp.swift */; };
		6C45DEB32BEA5FB9004F0E8E /* Assets.xcassets in Resources */ = {isa = PBXBuildFile; fileRef = 6C45DEB22BEA5FB9004F0E8E /* Assets.xcassets */; };
		6C45DEB62BEA5FB9004F0E8E /* Preview Assets.xcassets in Resources */ = {isa = PBXBuildFile; fileRef = 6C45DEB52BEA5FB9004F0E8E /* Preview Assets.xcassets */; };
		E752C2482BF79AD900BC1A4D /* MainPageView.swift in Sources */ = {isa = PBXBuildFile; fileRef = E752C2472BF79AD900BC1A4D /* MainPageView.swift */; };
		E752C25F2BF79B0700BC1A4D /* WorkoutSuggestion.swift in Sources */ = {isa = PBXBuildFile; fileRef = E752C25C2BF79B0700BC1A4D /* WorkoutSuggestion.swift */; };
		E752C26C2BF79B8F00BC1A4D /* CalculatorView.swift in Sources */ = {isa = PBXBuildFile; fileRef = E752C2672BF79B8F00BC1A4D /* CalculatorView.swift */; };
		E752C26D2BF79B8F00BC1A4D /* InfoSheetView.swift in Sources */ = {isa = PBXBuildFile; fileRef = E752C2682BF79B8F00BC1A4D /* InfoSheetView.swift */; };
		E752C26E2BF79B8F00BC1A4D /* Meal.swift in Sources */ = {isa = PBXBuildFile; fileRef = E752C2692BF79B8F00BC1A4D /* Meal.swift */; };
		E752C26F2BF79B8F00BC1A4D /* MealViewModel.swift in Sources */ = {isa = PBXBuildFile; fileRef = E752C26A2BF79B8F00BC1A4D /* MealViewModel.swift */; };
		E752C2712BF79CA900BC1A4D /* WeightsView.swift in Sources */ = {isa = PBXBuildFile; fileRef = E752C2702BF79CA900BC1A4D /* WeightsView.swift */; };
		E752C2732BF79D0200BC1A4D /* WeightViewModel.swift in Sources */ = {isa = PBXBuildFile; fileRef = E752C2722BF79D0200BC1A4D /* WeightViewModel.swift */; };
		E752C2752BF79D2A00BC1A4D /* HIITpage.swift in Sources */ = {isa = PBXBuildFile; fileRef = E752C2742BF79D2A00BC1A4D /* HIITpage.swift */; };
		E752C2772BF79D7900BC1A4D /* HIITViewModel.swift in Sources */ = {isa = PBXBuildFile; fileRef = E752C2762BF79D7900BC1A4D /* HIITViewModel.swift */; };
		E752C2792BF79D9B00BC1A4D /* CardioViewModel.swift in Sources */ = {isa = PBXBuildFile; fileRef = E752C2782BF79D9B00BC1A4D /* CardioViewModel.swift */; };
		E752C27B2BF79DBB00BC1A4D /* CardioPage.swift in Sources */ = {isa = PBXBuildFile; fileRef = E752C27A2BF79DBB00BC1A4D /* CardioPage.swift */; };
		E752C2812BF7BECA00BC1A4D /* DataController.swift in Sources */ = {isa = PBXBuildFile; fileRef = E752C2802BF7BECA00BC1A4D /* DataController.swift */; };
		E752C2852BF7C1A700BC1A4D /* AddFoodView.swift in Sources */ = {isa = PBXBuildFile; fileRef = E752C2842BF7C1A700BC1A4D /* AddFoodView.swift */; };
		E752C2872BF7C43E00BC1A4D /* TimeFormatting.swift in Sources */ = {isa = PBXBuildFile; fileRef = E752C2862BF7C43E00BC1A4D /* TimeFormatting.swift */; };
		E752C2892BF7C52100BC1A4D /* CalorieView.swift in Sources */ = {isa = PBXBuildFile; fileRef = E752C2882BF7C52100BC1A4D /* CalorieView.swift */; };
		E752C28B2BF7CF9200BC1A4D /* EditFoodView.swift in Sources */ = {isa = PBXBuildFile; fileRef = E752C28A2BF7CF9200BC1A4D /* EditFoodView.swift */; };
		E752C2962BF7E6BA00BC1A4D /* FoodSuggestionViewModel.swift in Sources */ = {isa = PBXBuildFile; fileRef = E752C2952BF7E6BA00BC1A4D /* FoodSuggestionViewModel.swift */; };
		E752C29A2BF7E78B00BC1A4D /* FoodSuggestionView.swift in Sources */ = {isa = PBXBuildFile; fileRef = E752C2992BF7E78B00BC1A4D /* FoodSuggestionView.swift */; };
		E752C29D2BF7EEC200BC1A4D /* FoodModel.xcdatamodeld in Sources */ = {isa = PBXBuildFile; fileRef = E752C29B2BF7EEC200BC1A4D /* FoodModel.xcdatamodeld */; };
		E752C2A02BF8591900BC1A4D /* NavigationBarView.swift in Sources */ = {isa = PBXBuildFile; fileRef = E752C29F2BF8591900BC1A4D /* NavigationBarView.swift */; };
		E752C2A22BF8595000BC1A4D /* ProteinSelectionView.swift in Sources */ = {isa = PBXBuildFile; fileRef = E752C2A12BF8595000BC1A4D /* ProteinSelectionView.swift */; };
		E752C2A42BF8597D00BC1A4D /* ProteinButton.swift in Sources */ = {isa = PBXBuildFile; fileRef = E752C2A32BF8597D00BC1A4D /* ProteinButton.swift */; };
		E752C2A62BF859A300BC1A4D /* SearchBarView.swift in Sources */ = {isa = PBXBuildFile; fileRef = E752C2A52BF859A200BC1A4D /* SearchBarView.swift */; };
		E752C2A82BF859C700BC1A4D /* RecipeListView.swift in Sources */ = {isa = PBXBuildFile; fileRef = E752C2A72BF859C700BC1A4D /* RecipeListView.swift */; };
		E752C2AA2BF859E400BC1A4D /* RecipeCard.swift in Sources */ = {isa = PBXBuildFile; fileRef = E752C2A92BF859E400BC1A4D /* RecipeCard.swift */; };
/* End PBXBuildFile section */

/* Begin PBXFileReference section */
		6C45DEAB2BEA5FB6004F0E8E /* NutriFlex.app */ = {isa = PBXFileReference; explicitFileType = wrapper.application; includeInIndex = 0; path = NutriFlex.app; sourceTree = BUILT_PRODUCTS_DIR; };
		6C45DEAE2BEA5FB6004F0E8E /* NutriFlexApp.swift */ = {isa = PBXFileReference; lastKnownFileType = sourcecode.swift; path = NutriFlexApp.swift; sourceTree = "<group>"; };
		6C45DEB22BEA5FB9004F0E8E /* Assets.xcassets */ = {isa = PBXFileReference; lastKnownFileType = folder.assetcatalog; path = Assets.xcassets; sourceTree = "<group>"; };
		6C45DEB52BEA5FB9004F0E8E /* Preview Assets.xcassets */ = {isa = PBXFileReference; lastKnownFileType = folder.assetcatalog; path = "Preview Assets.xcassets"; sourceTree = "<group>"; };
		E752C2472BF79AD900BC1A4D /* MainPageView.swift */ = {isa = PBXFileReference; fileEncoding = 4; lastKnownFileType = sourcecode.swift; path = MainPageView.swift; sourceTree = "<group>"; };
		E752C25C2BF79B0700BC1A4D /* WorkoutSuggestion.swift */ = {isa = PBXFileReference; fileEncoding = 4; lastKnownFileType = sourcecode.swift; path = WorkoutSuggestion.swift; sourceTree = "<group>"; };
		E752C2672BF79B8F00BC1A4D /* CalculatorView.swift */ = {isa = PBXFileReference; fileEncoding = 4; lastKnownFileType = sourcecode.swift; path = CalculatorView.swift; sourceTree = "<group>"; };
		E752C2682BF79B8F00BC1A4D /* InfoSheetView.swift */ = {isa = PBXFileReference; fileEncoding = 4; lastKnownFileType = sourcecode.swift; path = InfoSheetView.swift; sourceTree = "<group>"; };
		E752C2692BF79B8F00BC1A4D /* Meal.swift */ = {isa = PBXFileReference; fileEncoding = 4; lastKnownFileType = sourcecode.swift; path = Meal.swift; sourceTree = "<group>"; };
		E752C26A2BF79B8F00BC1A4D /* MealViewModel.swift */ = {isa = PBXFileReference; fileEncoding = 4; lastKnownFileType = sourcecode.swift; path = MealViewModel.swift; sourceTree = "<group>"; };
		E752C2702BF79CA900BC1A4D /* WeightsView.swift */ = {isa = PBXFileReference; lastKnownFileType = sourcecode.swift; path = WeightsView.swift; sourceTree = "<group>"; };
		E752C2722BF79D0200BC1A4D /* WeightViewModel.swift */ = {isa = PBXFileReference; lastKnownFileType = sourcecode.swift; path = WeightViewModel.swift; sourceTree = "<group>"; };
		E752C2742BF79D2A00BC1A4D /* HIITpage.swift */ = {isa = PBXFileReference; lastKnownFileType = sourcecode.swift; path = HIITpage.swift; sourceTree = "<group>"; };
		E752C2762BF79D7900BC1A4D /* HIITViewModel.swift */ = {isa = PBXFileReference; lastKnownFileType = sourcecode.swift; path = HIITViewModel.swift; sourceTree = "<group>"; };
		E752C2782BF79D9B00BC1A4D /* CardioViewModel.swift */ = {isa = PBXFileReference; lastKnownFileType = sourcecode.swift; path = CardioViewModel.swift; sourceTree = "<group>"; };
		E752C27A2BF79DBB00BC1A4D /* CardioPage.swift */ = {isa = PBXFileReference; lastKnownFileType = sourcecode.swift; path = CardioPage.swift; sourceTree = "<group>"; };
		E752C2802BF7BECA00BC1A4D /* DataController.swift */ = {isa = PBXFileReference; lastKnownFileType = sourcecode.swift; path = DataController.swift; sourceTree = "<group>"; };
		E752C2842BF7C1A700BC1A4D /* AddFoodView.swift */ = {isa = PBXFileReference; lastKnownFileType = sourcecode.swift; path = AddFoodView.swift; sourceTree = "<group>"; };
		E752C2862BF7C43E00BC1A4D /* TimeFormatting.swift */ = {isa = PBXFileReference; lastKnownFileType = sourcecode.swift; path = TimeFormatting.swift; sourceTree = "<group>"; };
		E752C2882BF7C52100BC1A4D /* CalorieView.swift */ = {isa = PBXFileReference; lastKnownFileType = sourcecode.swift; path = CalorieView.swift; sourceTree = "<group>"; };
		E752C28A2BF7CF9200BC1A4D /* EditFoodView.swift */ = {isa = PBXFileReference; lastKnownFileType = sourcecode.swift; path = EditFoodView.swift; sourceTree = "<group>"; };
		E752C2952BF7E6BA00BC1A4D /* FoodSuggestionViewModel.swift */ = {isa = PBXFileReference; fileEncoding = 4; lastKnownFileType = sourcecode.swift; path = FoodSuggestionViewModel.swift; sourceTree = "<group>"; };
		E752C2992BF7E78B00BC1A4D /* FoodSuggestionView.swift */ = {isa = PBXFileReference; fileEncoding = 4; lastKnownFileType = sourcecode.swift; path = FoodSuggestionView.swift; sourceTree = "<group>"; };
		E752C29C2BF7EEC200BC1A4D /* FoodModel.xcdatamodel */ = {isa = PBXFileReference; lastKnownFileType = wrapper.xcdatamodel; path = FoodModel.xcdatamodel; sourceTree = "<group>"; };
		E752C29F2BF8591900BC1A4D /* NavigationBarView.swift */ = {isa = PBXFileReference; lastKnownFileType = sourcecode.swift; path = NavigationBarView.swift; sourceTree = "<group>"; };
		E752C2A12BF8595000BC1A4D /* ProteinSelectionView.swift */ = {isa = PBXFileReference; lastKnownFileType = sourcecode.swift; path = ProteinSelectionView.swift; sourceTree = "<group>"; };
		E752C2A32BF8597D00BC1A4D /* ProteinButton.swift */ = {isa = PBXFileReference; lastKnownFileType = sourcecode.swift; path = ProteinButton.swift; sourceTree = "<group>"; };
		E752C2A52BF859A200BC1A4D /* SearchBarView.swift */ = {isa = PBXFileReference; lastKnownFileType = sourcecode.swift; path = SearchBarView.swift; sourceTree = "<group>"; };
		E752C2A72BF859C700BC1A4D /* RecipeListView.swift */ = {isa = PBXFileReference; lastKnownFileType = sourcecode.swift; path = RecipeListView.swift; sourceTree = "<group>"; };
		E752C2A92BF859E400BC1A4D /* RecipeCard.swift */ = {isa = PBXFileReference; lastKnownFileType = sourcecode.swift; path = RecipeCard.swift; sourceTree = "<group>"; };
/* End PBXFileReference section */

/* Begin PBXFrameworksBuildPhase section */
		6C45DEA82BEA5FB6004F0E8E /* Frameworks */ = {
			isa = PBXFrameworksBuildPhase;
			buildActionMask = 2147483647;
			files = (
			);
			runOnlyForDeploymentPostprocessing = 0;
		};
/* End PBXFrameworksBuildPhase section */

/* Begin PBXGroup section */
		6C45DEA22BEA5FB6004F0E8E = {
			isa = PBXGroup;
			children = (
				6C45DEAD2BEA5FB6004F0E8E /* NutriFlex */,
				6C45DEAC2BEA5FB6004F0E8E /* Products */,
			);
			sourceTree = "<group>";
		};
		6C45DEAC2BEA5FB6004F0E8E /* Products */ = {
			isa = PBXGroup;
			children = (
				6C45DEAB2BEA5FB6004F0E8E /* NutriFlex.app */,
			);
			name = Products;
			sourceTree = "<group>";
		};
		6C45DEAD2BEA5FB6004F0E8E /* NutriFlex */ = {
			isa = PBXGroup;
			children = (
				E752C29E2BF7EF0200BC1A4D /* DataModel */,
				E752C27C2BF7BD7700BC1A4D /* Calories Tracker */,
				E752C26B2BF79B8F00BC1A4D /* Calculator */,
				E752C2662BF79B5600BC1A4D /* Food */,
				E752C25D2BF79B0700BC1A4D /* Workout */,
				6C45DEAE2BEA5FB6004F0E8E /* NutriFlexApp.swift */,
				E752C2472BF79AD900BC1A4D /* MainPageView.swift */,
				6C45DEB22BEA5FB9004F0E8E /* Assets.xcassets */,
				6C45DEB42BEA5FB9004F0E8E /* Preview Content */,
			);
			path = NutriFlex;
			sourceTree = "<group>";
		};
		6C45DEB42BEA5FB9004F0E8E /* Preview Content */ = {
			isa = PBXGroup;
			children = (
				6C45DEB52BEA5FB9004F0E8E /* Preview Assets.xcassets */,
			);
			path = "Preview Content";
			sourceTree = "<group>";
		};
		E752C25D2BF79B0700BC1A4D /* Workout */ = {
			isa = PBXGroup;
			children = (
				E752C25C2BF79B0700BC1A4D /* WorkoutSuggestion.swift */,
				E752C2702BF79CA900BC1A4D /* WeightsView.swift */,
				E752C2722BF79D0200BC1A4D /* WeightViewModel.swift */,
				E752C2742BF79D2A00BC1A4D /* HIITpage.swift */,
				E752C2762BF79D7900BC1A4D /* HIITViewModel.swift */,
				E752C2782BF79D9B00BC1A4D /* CardioViewModel.swift */,
				E752C27A2BF79DBB00BC1A4D /* CardioPage.swift */,
			);
			path = Workout;
			sourceTree = "<group>";
		};
		E752C2662BF79B5600BC1A4D /* Food */ = {
			isa = PBXGroup;
			children = (
				E752C2992BF7E78B00BC1A4D /* FoodSuggestionView.swift */,
				E752C29F2BF8591900BC1A4D /* NavigationBarView.swift */,
				E752C2A52BF859A200BC1A4D /* SearchBarView.swift */,
				E752C2A12BF8595000BC1A4D /* ProteinSelectionView.swift */,
				E752C2A32BF8597D00BC1A4D /* ProteinButton.swift */,
				E752C2A72BF859C700BC1A4D /* RecipeListView.swift */,
				E752C2A92BF859E400BC1A4D /* RecipeCard.swift */,
				E752C2952BF7E6BA00BC1A4D /* FoodSuggestionViewModel.swift */,
			);
			path = Food;
			sourceTree = "<group>";
		};
		E752C26B2BF79B8F00BC1A4D /* Calculator */ = {
			isa = PBXGroup;
			children = (
				E752C2672BF79B8F00BC1A4D /* CalculatorView.swift */,
				E752C2682BF79B8F00BC1A4D /* InfoSheetView.swift */,
				E752C2692BF79B8F00BC1A4D /* Meal.swift */,
				E752C26A2BF79B8F00BC1A4D /* MealViewModel.swift */,
			);
			path = Calculator;
			sourceTree = "<group>";
		};
		E752C27C2BF7BD7700BC1A4D /* Calories Tracker */ = {
			isa = PBXGroup;
			children = (
				E752C2832BF7C18600BC1A4D /* Helpers */,
				E752C2822BF7C17D00BC1A4D /* Views */,
			);
			path = "Calories Tracker";
			sourceTree = "<group>";
		};
		E752C2822BF7C17D00BC1A4D /* Views */ = {
			isa = PBXGroup;
			children = (
				E752C2842BF7C1A700BC1A4D /* AddFoodView.swift */,
				E752C2882BF7C52100BC1A4D /* CalorieView.swift */,
				E752C28A2BF7CF9200BC1A4D /* EditFoodView.swift */,
			);
			path = Views;
			sourceTree = "<group>";
		};
		E752C2832BF7C18600BC1A4D /* Helpers */ = {
			isa = PBXGroup;
			children = (
				E752C2862BF7C43E00BC1A4D /* TimeFormatting.swift */,
			);
			path = Helpers;
			sourceTree = "<group>";
		};
		E752C29E2BF7EF0200BC1A4D /* DataModel */ = {
			isa = PBXGroup;
			children = (
				E752C2802BF7BECA00BC1A4D /* DataController.swift */,
				E752C29B2BF7EEC200BC1A4D /* FoodModel.xcdatamodeld */,
			);
			path = DataModel;
			sourceTree = "<group>";
		};
/* End PBXGroup section */

/* Begin PBXNativeTarget section */
		6C45DEAA2BEA5FB6004F0E8E /* NutriFlex */ = {
			isa = PBXNativeTarget;
			buildConfigurationList = 6C45DEB92BEA5FB9004F0E8E /* Build configuration list for PBXNativeTarget "NutriFlex" */;
			buildPhases = (
				6C45DEA72BEA5FB6004F0E8E /* Sources */,
				6C45DEA82BEA5FB6004F0E8E /* Frameworks */,
				6C45DEA92BEA5FB6004F0E8E /* Resources */,
			);
			buildRules = (
			);
			dependencies = (
			);
			name = NutriFlex;
			productName = NutriFlex;
			productReference = 6C45DEAB2BEA5FB6004F0E8E /* NutriFlex.app */;
			productType = "com.apple.product-type.application";
		};
/* End PBXNativeTarget section */

/* Begin PBXProject section */
		6C45DEA32BEA5FB6004F0E8E /* Project object */ = {
			isa = PBXProject;
			attributes = {
				BuildIndependentTargetsInParallel = 1;
				LastSwiftUpdateCheck = 1520;
				LastUpgradeCheck = 1520;
				TargetAttributes = {
					6C45DEAA2BEA5FB6004F0E8E = {
						CreatedOnToolsVersion = 15.2;
					};
				};
			};
			buildConfigurationList = 6C45DEA62BEA5FB6004F0E8E /* Build configuration list for PBXProject "NutriFlex" */;
			compatibilityVersion = "Xcode 14.0";
			developmentRegion = en;
			hasScannedForEncodings = 0;
			knownRegions = (
				en,
				Base,
			);
			mainGroup = 6C45DEA22BEA5FB6004F0E8E;
			productRefGroup = 6C45DEAC2BEA5FB6004F0E8E /* Products */;
			projectDirPath = "";
			projectRoot = "";
			targets = (
				6C45DEAA2BEA5FB6004F0E8E /* NutriFlex */,
			);
		};
/* End PBXProject section */

/* Begin PBXResourcesBuildPhase section */
		6C45DEA92BEA5FB6004F0E8E /* Resources */ = {
			isa = PBXResourcesBuildPhase;
			buildActionMask = 2147483647;
			files = (
				6C45DEB62BEA5FB9004F0E8E /* Preview Assets.xcassets in Resources */,
				6C45DEB32BEA5FB9004F0E8E /* Assets.xcassets in Resources */,
			);
			runOnlyForDeploymentPostprocessing = 0;
		};
/* End PBXResourcesBuildPhase section */

/* Begin PBXSourcesBuildPhase section */
		6C45DEA72BEA5FB6004F0E8E /* Sources */ = {
			isa = PBXSourcesBuildPhase;
			buildActionMask = 2147483647;
			files = (
				E752C2732BF79D0200BC1A4D /* WeightViewModel.swift in Sources */,
				E752C26C2BF79B8F00BC1A4D /* CalculatorView.swift in Sources */,
				E752C2752BF79D2A00BC1A4D /* HIITpage.swift in Sources */,
				E752C26E2BF79B8F00BC1A4D /* Meal.swift in Sources */,
				E752C2892BF7C52100BC1A4D /* CalorieView.swift in Sources */,
				E752C2872BF7C43E00BC1A4D /* TimeFormatting.swift in Sources */,
				E752C2A02BF8591900BC1A4D /* NavigationBarView.swift in Sources */,
				E752C2A22BF8595000BC1A4D /* ProteinSelectionView.swift in Sources */,
				E752C2A42BF8597D00BC1A4D /* ProteinButton.swift in Sources */,
				E752C2772BF79D7900BC1A4D /* HIITViewModel.swift in Sources */,
				E752C2712BF79CA900BC1A4D /* WeightsView.swift in Sources */,
				E752C26F2BF79B8F00BC1A4D /* MealViewModel.swift in Sources */,
				E752C2962BF7E6BA00BC1A4D /* FoodSuggestionViewModel.swift in Sources */,
				E752C2AA2BF859E400BC1A4D /* RecipeCard.swift in Sources */,
				E752C27B2BF79DBB00BC1A4D /* CardioPage.swift in Sources */,
				E752C2812BF7BECA00BC1A4D /* DataController.swift in Sources */,
				E752C2A82BF859C700BC1A4D /* RecipeListView.swift in Sources */,
				E752C2482BF79AD900BC1A4D /* MainPageView.swift in Sources */,
				E752C28B2BF7CF9200BC1A4D /* EditFoodView.swift in Sources */,
				E752C29D2BF7EEC200BC1A4D /* FoodModel.xcdatamodeld in Sources */,
				6C45DEAF2BEA5FB6004F0E8E /* NutriFlexApp.swift in Sources */,
				E752C25F2BF79B0700BC1A4D /* WorkoutSuggestion.swift in Sources */,
				E752C2852BF7C1A700BC1A4D /* AddFoodView.swift in Sources */,
				E752C2A62BF859A300BC1A4D /* SearchBarView.swift in Sources */,
				E752C29A2BF7E78B00BC1A4D /* FoodSuggestionView.swift in Sources */,
				E752C2792BF79D9B00BC1A4D /* CardioViewModel.swift in Sources */,
				E752C26D2BF79B8F00BC1A4D /* InfoSheetView.swift in Sources */,
			);
			runOnlyForDeploymentPostprocessing = 0;
		};
/* End PBXSourcesBuildPhase section */

/* Begin XCBuildConfiguration section */
		6C45DEB72BEA5FB9004F0E8E /* Debug */ = {
			isa = XCBuildConfiguration;
			buildSettings = {
				ALWAYS_SEARCH_USER_PATHS = NO;
				ASSETCATALOG_COMPILER_GENERATE_SWIFT_ASSET_SYMBOL_EXTENSIONS = YES;
				CLANG_ANALYZER_NONNULL = YES;
				CLANG_ANALYZER_NUMBER_OBJECT_CONVERSION = YES_AGGRESSIVE;
				CLANG_CXX_LANGUAGE_STANDARD = "gnu++20";
				CLANG_ENABLE_MODULES = YES;
				CLANG_ENABLE_OBJC_ARC = YES;
				CLANG_ENABLE_OBJC_WEAK = YES;
				CLANG_WARN_BLOCK_CAPTURE_AUTORELEASING = YES;
				CLANG_WARN_BOOL_CONVERSION = YES;
				CLANG_WARN_COMMA = YES;
				CLANG_WARN_CONSTANT_CONVERSION = YES;
				CLANG_WARN_DEPRECATED_OBJC_IMPLEMENTATIONS = YES;
				CLANG_WARN_DIRECT_OBJC_ISA_USAGE = YES_ERROR;
				CLANG_WARN_DOCUMENTATION_COMMENTS = YES;
				CLANG_WARN_EMPTY_BODY = YES;
				CLANG_WARN_ENUM_CONVERSION = YES;
				CLANG_WARN_INFINITE_RECURSION = YES;
				CLANG_WARN_INT_CONVERSION = YES;
				CLANG_WARN_NON_LITERAL_NULL_CONVERSION = YES;
				CLANG_WARN_OBJC_IMPLICIT_RETAIN_SELF = YES;
				CLANG_WARN_OBJC_LITERAL_CONVERSION = YES;
				CLANG_WARN_OBJC_ROOT_CLASS = YES_ERROR;
				CLANG_WARN_QUOTED_INCLUDE_IN_FRAMEWORK_HEADER = YES;
				CLANG_WARN_RANGE_LOOP_ANALYSIS = YES;
				CLANG_WARN_STRICT_PROTOTYPES = YES;
				CLANG_WARN_SUSPICIOUS_MOVE = YES;
				CLANG_WARN_UNGUARDED_AVAILABILITY = YES_AGGRESSIVE;
				CLANG_WARN_UNREACHABLE_CODE = YES;
				CLANG_WARN__DUPLICATE_METHOD_MATCH = YES;
				COPY_PHASE_STRIP = NO;
				DEBUG_INFORMATION_FORMAT = dwarf;
				ENABLE_STRICT_OBJC_MSGSEND = YES;
				ENABLE_TESTABILITY = YES;
				ENABLE_USER_SCRIPT_SANDBOXING = YES;
				GCC_C_LANGUAGE_STANDARD = gnu17;
				GCC_DYNAMIC_NO_PIC = NO;
				GCC_NO_COMMON_BLOCKS = YES;
				GCC_OPTIMIZATION_LEVEL = 0;
				GCC_PREPROCESSOR_DEFINITIONS = (
					"DEBUG=1",
					"$(inherited)",
				);
				GCC_WARN_64_TO_32_BIT_CONVERSION = YES;
				GCC_WARN_ABOUT_RETURN_TYPE = YES_ERROR;
				GCC_WARN_UNDECLARED_SELECTOR = YES;
				GCC_WARN_UNINITIALIZED_AUTOS = YES_AGGRESSIVE;
				GCC_WARN_UNUSED_FUNCTION = YES;
				GCC_WARN_UNUSED_VARIABLE = YES;
				IPHONEOS_DEPLOYMENT_TARGET = 17.2;
				LOCALIZATION_PREFERS_STRING_CATALOGS = YES;
				MTL_ENABLE_DEBUG_INFO = INCLUDE_SOURCE;
				MTL_FAST_MATH = YES;
				ONLY_ACTIVE_ARCH = YES;
				SDKROOT = iphoneos;
				SWIFT_ACTIVE_COMPILATION_CONDITIONS = "DEBUG $(inherited)";
				SWIFT_OPTIMIZATION_LEVEL = "-Onone";
			};
			name = Debug;
		};
		6C45DEB82BEA5FB9004F0E8E /* Release */ = {
			isa = XCBuildConfiguration;
			buildSettings = {
				ALWAYS_SEARCH_USER_PATHS = NO;
				ASSETCATALOG_COMPILER_GENERATE_SWIFT_ASSET_SYMBOL_EXTENSIONS = YES;
				CLANG_ANALYZER_NONNULL = YES;
				CLANG_ANALYZER_NUMBER_OBJECT_CONVERSION = YES_AGGRESSIVE;
				CLANG_CXX_LANGUAGE_STANDARD = "gnu++20";
				CLANG_ENABLE_MODULES = YES;
				CLANG_ENABLE_OBJC_ARC = YES;
				CLANG_ENABLE_OBJC_WEAK = YES;
				CLANG_WARN_BLOCK_CAPTURE_AUTORELEASING = YES;
				CLANG_WARN_BOOL_CONVERSION = YES;
				CLANG_WARN_COMMA = YES;
				CLANG_WARN_CONSTANT_CONVERSION = YES;
				CLANG_WARN_DEPRECATED_OBJC_IMPLEMENTATIONS = YES;
				CLANG_WARN_DIRECT_OBJC_ISA_USAGE = YES_ERROR;
				CLANG_WARN_DOCUMENTATION_COMMENTS = YES;
				CLANG_WARN_EMPTY_BODY = YES;
				CLANG_WARN_ENUM_CONVERSION = YES;
				CLANG_WARN_INFINITE_RECURSION = YES;
				CLANG_WARN_INT_CONVERSION = YES;
				CLANG_WARN_NON_LITERAL_NULL_CONVERSION = YES;
				CLANG_WARN_OBJC_IMPLICIT_RETAIN_SELF = YES;
				CLANG_WARN_OBJC_LITERAL_CONVERSION = YES;
				CLANG_WARN_OBJC_ROOT_CLASS = YES_ERROR;
				CLANG_WARN_QUOTED_INCLUDE_IN_FRAMEWORK_HEADER = YES;
				CLANG_WARN_RANGE_LOOP_ANALYSIS = YES;
				CLANG_WARN_STRICT_PROTOTYPES = YES;
				CLANG_WARN_SUSPICIOUS_MOVE = YES;
				CLANG_WARN_UNGUARDED_AVAILABILITY = YES_AGGRESSIVE;
				CLANG_WARN_UNREACHABLE_CODE = YES;
				CLANG_WARN__DUPLICATE_METHOD_MATCH = YES;
				COPY_PHASE_STRIP = NO;
				DEBUG_INFORMATION_FORMAT = "dwarf-with-dsym";
				ENABLE_NS_ASSERTIONS = NO;
				ENABLE_STRICT_OBJC_MSGSEND = YES;
				ENABLE_USER_SCRIPT_SANDBOXING = YES;
				GCC_C_LANGUAGE_STANDARD = gnu17;
				GCC_NO_COMMON_BLOCKS = YES;
				GCC_WARN_64_TO_32_BIT_CONVERSION = YES;
				GCC_WARN_ABOUT_RETURN_TYPE = YES_ERROR;
				GCC_WARN_UNDECLARED_SELECTOR = YES;
				GCC_WARN_UNINITIALIZED_AUTOS = YES_AGGRESSIVE;
				GCC_WARN_UNUSED_FUNCTION = YES;
				GCC_WARN_UNUSED_VARIABLE = YES;
				IPHONEOS_DEPLOYMENT_TARGET = 17.2;
				LOCALIZATION_PREFERS_STRING_CATALOGS = YES;
				MTL_ENABLE_DEBUG_INFO = NO;
				MTL_FAST_MATH = YES;
				SDKROOT = iphoneos;
				SWIFT_COMPILATION_MODE = wholemodule;
				VALIDATE_PRODUCT = YES;
			};
			name = Release;
		};
		6C45DEBA2BEA5FB9004F0E8E /* Debug */ = {
			isa = XCBuildConfiguration;
			buildSettings = {
				ASSETCATALOG_COMPILER_APPICON_NAME = AppIcon;
				ASSETCATALOG_COMPILER_GLOBAL_ACCENT_COLOR_NAME = AccentColor;
				CODE_SIGN_STYLE = Automatic;
				CURRENT_PROJECT_VERSION = 1;
				DEVELOPMENT_ASSET_PATHS = "\"NutriFlex/Preview Content\"";
				ENABLE_PREVIEWS = YES;
				GENERATE_INFOPLIST_FILE = YES;
				INFOPLIST_KEY_UIApplicationSceneManifest_Generation = YES;
				INFOPLIST_KEY_UIApplicationSupportsIndirectInputEvents = YES;
				INFOPLIST_KEY_UILaunchScreen_Generation = YES;
				INFOPLIST_KEY_UISupportedInterfaceOrientations_iPad = "UIInterfaceOrientationPortrait UIInterfaceOrientationPortraitUpsideDown UIInterfaceOrientationLandscapeLeft UIInterfaceOrientationLandscapeRight";
				INFOPLIST_KEY_UISupportedInterfaceOrientations_iPhone = "UIInterfaceOrientationPortrait UIInterfaceOrientationLandscapeLeft UIInterfaceOrientationLandscapeRight";
				LD_RUNPATH_SEARCH_PATHS = (
					"$(inherited)",
					"@executable_path/Frameworks",
				);
				MARKETING_VERSION = 1.0;
				PRODUCT_BUNDLE_IDENTIFIER = au.edu.uts.NutriFlex;
				PRODUCT_NAME = "$(TARGET_NAME)";
				SWIFT_EMIT_LOC_STRINGS = YES;
				SWIFT_VERSION = 5.0;
				TARGETED_DEVICE_FAMILY = "1,2";
			};
			name = Debug;
		};
		6C45DEBB2BEA5FB9004F0E8E /* Release */ = {
			isa = XCBuildConfiguration;
			buildSettings = {
				ASSETCATALOG_COMPILER_APPICON_NAME = AppIcon;
				ASSETCATALOG_COMPILER_GLOBAL_ACCENT_COLOR_NAME = AccentColor;
				CODE_SIGN_STYLE = Automatic;
				CURRENT_PROJECT_VERSION = 1;
				DEVELOPMENT_ASSET_PATHS = "\"NutriFlex/Preview Content\"";
				ENABLE_PREVIEWS = YES;
				GENERATE_INFOPLIST_FILE = YES;
				INFOPLIST_KEY_UIApplicationSceneManifest_Generation = YES;
				INFOPLIST_KEY_UIApplicationSupportsIndirectInputEvents = YES;
				INFOPLIST_KEY_UILaunchScreen_Generation = YES;
				INFOPLIST_KEY_UISupportedInterfaceOrientations_iPad = "UIInterfaceOrientationPortrait UIInterfaceOrientationPortraitUpsideDown UIInterfaceOrientationLandscapeLeft UIInterfaceOrientationLandscapeRight";
				INFOPLIST_KEY_UISupportedInterfaceOrientations_iPhone = "UIInterfaceOrientationPortrait UIInterfaceOrientationLandscapeLeft UIInterfaceOrientationLandscapeRight";
				LD_RUNPATH_SEARCH_PATHS = (
					"$(inherited)",
					"@executable_path/Frameworks",
				);
				MARKETING_VERSION = 1.0;
				PRODUCT_BUNDLE_IDENTIFIER = au.edu.uts.NutriFlex;
				PRODUCT_NAME = "$(TARGET_NAME)";
				SWIFT_EMIT_LOC_STRINGS = YES;
				SWIFT_VERSION = 5.0;
				TARGETED_DEVICE_FAMILY = "1,2";
			};
			name = Release;
		};
/* End XCBuildConfiguration section */

/* Begin XCConfigurationList section */
		6C45DEA62BEA5FB6004F0E8E /* Build configuration list for PBXProject "NutriFlex" */ = {
			isa = XCConfigurationList;
			buildConfigurations = (
				6C45DEB72BEA5FB9004F0E8E /* Debug */,
				6C45DEB82BEA5FB9004F0E8E /* Release */,
			);
			defaultConfigurationIsVisible = 0;
			defaultConfigurationName = Release;
		};
		6C45DEB92BEA5FB9004F0E8E /* Build configuration list for PBXNativeTarget "NutriFlex" */ = {
			isa = XCConfigurationList;
			buildConfigurations = (
				6C45DEBA2BEA5FB9004F0E8E /* Debug */,
				6C45DEBB2BEA5FB9004F0E8E /* Release */,
			);
			defaultConfigurationIsVisible = 0;
			defaultConfigurationName = Release;
		};
/* End XCConfigurationList section */

/* Begin XCVersionGroup section */
		E752C29B2BF7EEC200BC1A4D /* FoodModel.xcdatamodeld */ = {
			isa = XCVersionGroup;
			children = (
				E752C29C2BF7EEC200BC1A4D /* FoodModel.xcdatamodel */,
			);
			currentVersion = E752C29C2BF7EEC200BC1A4D /* FoodModel.xcdatamodel */;
			path = FoodModel.xcdatamodeld;
			sourceTree = "<group>";
			versionGroupType = wrapper.xcdatamodel;
		};
/* End XCVersionGroup section */
	};
	rootObject = 6C45DEA32BEA5FB6004F0E8E /* Project object */;
}
